{
  "name": "oddysee-typescript-monorepo",
  "lockfileVersion": 3,
  "requires": true,
  "packages": {
    "": {
      "name": "oddysee-typescript-monorepo",
      "workspaces": [
        "packages/*"
      ],
      "devDependencies": {
        "typescript": "^5.0.0"
      }
    },
    "node_modules/typescript": {
      "version": "5.9.3",
      "resolved": "https://registry.npmjs.org/typescript/-/typescript-5.9.3.tgz",
      "integrity": "sha512-jl1vZzPDinLr9eUt3J/t7V6FgNEw9QjvBPdysz9KfQDD41fQrC2Y4vKQdiaUpFT4bXlb1RHhLpp8wtm6M5TgSw==",
      "dev": true,
      "bin": {
        "tsc": "bin/tsc",
        "tsserver": "bin/tsserver"
      },
      "engines": {
        "node": ">=14.17"
      }
    },
    "packages/core": {
      "name": "@hls-audio-player/core",
      "version": "0.1.1",
      "extraneous": true,
      "license": "Apache-2.0",
      "dependencies": {
        "@types/hls.js": "^1.0.0",
        "hls.js": "^1.4.10"
      },
      "devDependencies": {
        "tsup": "7.2.0",
        "typescript": "^5.0.0",
        "vitest": "^0.32.0"
      }
    },
    "packages/react": {
      "name": "oddysee-react",
      "version": "1.0.0",
      "extraneous": true,
      "license": "MIT"
    }
  }
}
